{
  "name": "vision-assembly-dashboard",
  "version": "1.0.0",
  "lockfileVersion": 2,
  "requires": true,
  "packages": {
    "": {
      "name": "vision-assembly-dashboard",
      "version": "1.0.0",
      "hasInstallScript": true,
      "workspaces": [
        "apps/*",
        "packages/*"
      ],
      "devDependencies": {
        "turbo": "^1.10.12",
        "@types/node": "^20.5.2",
        "typescript": "^5.2.2"
      }
    }
  }
}